// !$*UTF8*$!
{
	archiveVersion = 1;
	classes = {
	};
	objectVersion = 48;
	objects = {

/* Begin PBXBuildFile section */
		740580D9200496AB001EE9DA /* AppDelegate.m in Sources */ = {isa = PBXBuildFile; fileRef = 740580D8200496AB001EE9DA /* AppDelegate.m */; };
		740580DC200496AB001EE9DA /* ViewController.m in Sources */ = {isa = PBXBuildFile; fileRef = 740580DB200496AB001EE9DA /* ViewController.m */; };
		740580DF200496AB001EE9DA /* Main.storyboard in Resources */ = {isa = PBXBuildFile; fileRef = 740580DD200496AB001EE9DA /* Main.storyboard */; };
		740580E1200496AB001EE9DA /* Assets.xcassets in Resources */ = {isa = PBXBuildFile; fileRef = 740580E0200496AB001EE9DA /* Assets.xcassets */; };
		740580E4200496AB001EE9DA /* LaunchScreen.storyboard in Resources */ = {isa = PBXBuildFile; fileRef = 740580E2200496AB001EE9DA /* LaunchScreen.storyboard */; };
		740580E7200496AB001EE9DA /* main.m in Sources */ = {isa = PBXBuildFile; fileRef = 740580E6200496AB001EE9DA /* main.m */; };
		740580F1200496AB001EE9DA /* HelpersTests.m in Sources */ = {isa = PBXBuildFile; fileRef = 740580F0200496AB001EE9DA /* HelpersTests.m */; };
		740580FC200496AB001EE9DA /* HelpersUITests.m in Sources */ = {isa = PBXBuildFile; fileRef = 740580FB200496AB001EE9DA /* HelpersUITests.m */; };
		7405812620049725001EE9DA /* CLLocation+YCLocation.m in Sources */ = {isa = PBXBuildFile; fileRef = 7405810C20049725001EE9DA /* CLLocation+YCLocation.m */; };
		7405812720049725001EE9DA /* iToast.m in Sources */ = {isa = PBXBuildFile; fileRef = 7405810E20049725001EE9DA /* iToast.m */; };
		7405812820049725001EE9DA /* iToastUtil.m in Sources */ = {isa = PBXBuildFile; fileRef = 7405811020049725001EE9DA /* iToastUtil.m */; };
		7405812920049725001EE9DA /* MBProgressHUD+MJ.m in Sources */ = {isa = PBXBuildFile; fileRef = 7405811220049725001EE9DA /* MBProgressHUD+MJ.m */; };
		7405812A20049725001EE9DA /* NSDate+Util.m in Sources */ = {isa = PBXBuildFile; fileRef = 7405811420049725001EE9DA /* NSDate+Util.m */; };
		7405812B20049725001EE9DA /* NSString+Extension.m in Sources */ = {isa = PBXBuildFile; fileRef = 7405811620049725001EE9DA /* NSString+Extension.m */; };
		7405812C20049725001EE9DA /* UIActionSheet+Blocks.m in Sources */ = {isa = PBXBuildFile; fileRef = 7405811820049725001EE9DA /* UIActionSheet+Blocks.m */; };
		7405812D20049725001EE9DA /* UIButton+CAPAdjustFont.m in Sources */ = {isa = PBXBuildFile; fileRef = 7405811A20049725001EE9DA /* UIButton+CAPAdjustFont.m */; };
		7405812E20049725001EE9DA /* UIColor+CAPMyColor.m in Sources */ = {isa = PBXBuildFile; fileRef = 7405811C20049725001EE9DA /* UIColor+CAPMyColor.m */; };
		7405812F20049725001EE9DA /* UIFont+CAPJuageFont.m in Sources */ = {isa = PBXBuildFile; fileRef = 7405811E20049725001EE9DA /* UIFont+CAPJuageFont.m */; };
		7405813020049725001EE9DA /* UILabel+CAPAdjustFont.m in Sources */ = {isa = PBXBuildFile; fileRef = 7405812020049725001EE9DA /* UILabel+CAPAdjustFont.m */; };
		7405813120049725001EE9DA /* UITextField+CAPAdJustFont.m in Sources */ = {isa = PBXBuildFile; fileRef = 7405812220049725001EE9DA /* UITextField+CAPAdJustFont.m */; };
		7405813220049725001EE9DA /* UIView+BSTExtention.m in Sources */ = {isa = PBXBuildFile; fileRef = 7405812420049725001EE9DA /* UIView+BSTExtention.m */; };
/* End PBXBuildFile section */

/* Begin PBXContainerItemProxy section */
		740580ED200496AB001EE9DA /* PBXContainerItemProxy */ = {
			isa = PBXContainerItemProxy;
			containerPortal = 740580CC200496AB001EE9DA /* Project object */;
			proxyType = 1;
			remoteGlobalIDString = 740580D3200496AB001EE9DA;
			remoteInfo = Helpers;
		};
		740580F8200496AB001EE9DA /* PBXContainerItemProxy */ = {
			isa = PBXContainerItemProxy;
			containerPortal = 740580CC200496AB001EE9DA /* Project object */;
			proxyType = 1;
			remoteGlobalIDString = 740580D3200496AB001EE9DA;
			remoteInfo = Helpers;
		};
/* End PBXContainerItemProxy section */

/* Begin PBXFileReference section */
		740580D4200496AB001EE9DA /* Helpers.app */ = {isa = PBXFileReference; explicitFileType = wrapper.application; includeInIndex = 0; path = Helpers.app; sourceTree = BUILT_PRODUCTS_DIR; };
		740580D7200496AB001EE9DA /* AppDelegate.h */ = {isa = PBXFileReference; lastKnownFileType = sourcecode.c.h; path = AppDelegate.h; sourceTree = "<group>"; };
		740580D8200496AB001EE9DA /* AppDelegate.m */ = {isa = PBXFileReference; lastKnownFileType = sourcecode.c.objc; path = AppDelegate.m; sourceTree = "<group>"; };
		740580DA200496AB001EE9DA /* ViewController.h */ = {isa = PBXFileReference; lastKnownFileType = sourcecode.c.h; path = ViewController.h; sourceTree = "<group>"; };
		740580DB200496AB001EE9DA /* ViewController.m */ = {isa = PBXFileReference; lastKnownFileType = sourcecode.c.objc; path = ViewController.m; sourceTree = "<group>"; };
		740580DE200496AB001EE9DA /* Base */ = {isa = PBXFileReference; lastKnownFileType = file.storyboard; name = Base; path = Base.lproj/Main.storyboard; sourceTree = "<group>"; };
		740580E0200496AB001EE9DA /* Assets.xcassets */ = {isa = PBXFileReference; lastKnownFileType = folder.assetcatalog; path = Assets.xcassets; sourceTree = "<group>"; };
		740580E3200496AB001EE9DA /* Base */ = {isa = PBXFileReference; lastKnownFileType = file.storyboard; name = Base; path = Base.lproj/LaunchScreen.storyboard; sourceTree = "<group>"; };
		740580E5200496AB001EE9DA /* Info.plist */ = {isa = PBXFileReference; lastKnownFileType = text.plist.xml; path = Info.plist; sourceTree = "<group>"; };
		740580E6200496AB001EE9DA /* main.m */ = {isa = PBXFileReference; lastKnownFileType = sourcecode.c.objc; path = main.m; sourceTree = "<group>"; };
		740580EC200496AB001EE9DA /* HelpersTests.xctest */ = {isa = PBXFileReference; explicitFileType = wrapper.cfbundle; includeInIndex = 0; path = HelpersTests.xctest; sourceTree = BUILT_PRODUCTS_DIR; };
		740580F0200496AB001EE9DA /* HelpersTests.m */ = {isa = PBXFileReference; lastKnownFileType = sourcecode.c.objc; path = HelpersTests.m; sourceTree = "<group>"; };
		740580F2200496AB001EE9DA /* Info.plist */ = {isa = PBXFileReference; lastKnownFileType = text.plist.xml; path = Info.plist; sourceTree = "<group>"; };
		740580F7200496AB001EE9DA /* HelpersUITests.xctest */ = {isa = PBXFileReference; explicitFileType = wrapper.cfbundle; includeInIndex = 0; path = HelpersUITests.xctest; sourceTree = BUILT_PRODUCTS_DIR; };
		740580FB200496AB001EE9DA /* HelpersUITests.m */ = {isa = PBXFileReference; lastKnownFileType = sourcecode.c.objc; path = HelpersUITests.m; sourceTree = "<group>"; };
		740580FD200496AB001EE9DA /* Info.plist */ = {isa = PBXFileReference; lastKnownFileType = text.plist.xml; path = Info.plist; sourceTree = "<group>"; };
		7405810B20049725001EE9DA /* CLLocation+YCLocation.h */ = {isa = PBXFileReference; fileEncoding = 4; lastKnownFileType = sourcecode.c.h; path = "CLLocation+YCLocation.h"; sourceTree = "<group>"; };
		7405810C20049725001EE9DA /* CLLocation+YCLocation.m */ = {isa = PBXFileReference; fileEncoding = 4; lastKnownFileType = sourcecode.c.objc; path = "CLLocation+YCLocation.m"; sourceTree = "<group>"; };
		7405810D20049725001EE9DA /* iToast.h */ = {isa = PBXFileReference; fileEncoding = 4; lastKnownFileType = sourcecode.c.h; path = iToast.h; sourceTree = "<group>"; };
		7405810E20049725001EE9DA /* iToast.m */ = {isa = PBXFileReference; fileEncoding = 4; lastKnownFileType = sourcecode.c.objc; path = iToast.m; sourceTree = "<group>"; };
		7405810F20049725001EE9DA /* iToastUtil.h */ = {isa = PBXFileReference; fileEncoding = 4; lastKnownFileType = sourcecode.c.h; path = iToastUtil.h; sourceTree = "<group>"; };
		7405811020049725001EE9DA /* iToastUtil.m */ = {isa = PBXFileReference; fileEncoding = 4; lastKnownFileType = sourcecode.c.objc; path = iToastUtil.m; sourceTree = "<group>"; };
		7405811120049725001EE9DA /* MBProgressHUD+MJ.h */ = {isa = PBXFileReference; fileEncoding = 4; lastKnownFileType = sourcecode.c.h; path = "MBProgressHUD+MJ.h"; sourceTree = "<group>"; };
		7405811220049725001EE9DA /* MBProgressHUD+MJ.m */ = {isa = PBXFileReference; fileEncoding = 4; lastKnownFileType = sourcecode.c.objc; path = "MBProgressHUD+MJ.m"; sourceTree = "<group>"; };
		7405811320049725001EE9DA /* NSDate+Util.h */ = {isa = PBXFileReference; fileEncoding = 4; lastKnownFileType = sourcecode.c.h; path = "NSDate+Util.h"; sourceTree = "<group>"; };
		7405811420049725001EE9DA /* NSDate+Util.m */ = {isa = PBXFileReference; fileEncoding = 4; lastKnownFileType = sourcecode.c.objc; path = "NSDate+Util.m"; sourceTree = "<group>"; };
		7405811520049725001EE9DA /* NSString+Extension.h */ = {isa = PBXFileReference; fileEncoding = 4; lastKnownFileType = sourcecode.c.h; path = "NSString+Extension.h"; sourceTree = "<group>"; };
		7405811620049725001EE9DA /* NSString+Extension.m */ = {isa = PBXFileReference; fileEncoding = 4; lastKnownFileType = sourcecode.c.objc; path = "NSString+Extension.m"; sourceTree = "<group>"; };
		7405811720049725001EE9DA /* UIActionSheet+Blocks.h */ = {isa = PBXFileReference; fileEncoding = 4; lastKnownFileType = sourcecode.c.h; path = "UIActionSheet+Blocks.h"; sourceTree = "<group>"; };
		7405811820049725001EE9DA /* UIActionSheet+Blocks.m */ = {isa = PBXFileReference; fileEncoding = 4; lastKnownFileType = sourcecode.c.objc; path = "UIActionSheet+Blocks.m"; sourceTree = "<group>"; };
		7405811920049725001EE9DA /* UIButton+CAPAdjustFont.h */ = {isa = PBXFileReference; fileEncoding = 4; lastKnownFileType = sourcecode.c.h; path = "UIButton+CAPAdjustFont.h"; sourceTree = "<group>"; };
		7405811A20049725001EE9DA /* UIButton+CAPAdjustFont.m */ = {isa = PBXFileReference; fileEncoding = 4; lastKnownFileType = sourcecode.c.objc; path = "UIButton+CAPAdjustFont.m"; sourceTree = "<group>"; };
		7405811B20049725001EE9DA /* UIColor+CAPMyColor.h */ = {isa = PBXFileReference; fileEncoding = 4; lastKnownFileType = sourcecode.c.h; path = "UIColor+CAPMyColor.h"; sourceTree = "<group>"; };
		7405811C20049725001EE9DA /* UIColor+CAPMyColor.m */ = {isa = PBXFileReference; fileEncoding = 4; lastKnownFileType = sourcecode.c.objc; path = "UIColor+CAPMyColor.m"; sourceTree = "<group>"; };
		7405811D20049725001EE9DA /* UIFont+CAPJuageFont.h */ = {isa = PBXFileReference; fileEncoding = 4; lastKnownFileType = sourcecode.c.h; path = "UIFont+CAPJuageFont.h"; sourceTree = "<group>"; };
		7405811E20049725001EE9DA /* UIFont+CAPJuageFont.m */ = {isa = PBXFileReference; fileEncoding = 4; lastKnownFileType = sourcecode.c.objc; path = "UIFont+CAPJuageFont.m"; sourceTree = "<group>"; };
		7405811F20049725001EE9DA /* UILabel+CAPAdjustFont.h */ = {isa = PBXFileReference; fileEncoding = 4; lastKnownFileType = sourcecode.c.h; path = "UILabel+CAPAdjustFont.h"; sourceTree = "<group>"; };
		7405812020049725001EE9DA /* UILabel+CAPAdjustFont.m */ = {isa = PBXFileReference; fileEncoding = 4; lastKnownFileType = sourcecode.c.objc; path = "UILabel+CAPAdjustFont.m"; sourceTree = "<group>"; };
		7405812120049725001EE9DA /* UITextField+CAPAdJustFont.h */ = {isa = PBXFileReference; fileEncoding = 4; lastKnownFileType = sourcecode.c.h; path = "UITextField+CAPAdJustFont.h"; sourceTree = "<group>"; };
		7405812220049725001EE9DA /* UITextField+CAPAdJustFont.m */ = {isa = PBXFileReference; fileEncoding = 4; lastKnownFileType = sourcecode.c.objc; path = "UITextField+CAPAdJustFont.m"; sourceTree = "<group>"; };
		7405812320049725001EE9DA /* UIView+BSTExtention.h */ = {isa = PBXFileReference; fileEncoding = 4; lastKnownFileType = sourcecode.c.h; path = "UIView+BSTExtention.h"; sourceTree = "<group>"; };
		7405812420049725001EE9DA /* UIView+BSTExtention.m */ = {isa = PBXFileReference; fileEncoding = 4; lastKnownFileType = sourcecode.c.objc; path = "UIView+BSTExtention.m"; sourceTree = "<group>"; };
		7405812520049725001EE9DA /* HJJHelperTools.h */ = {isa = PBXFileReference; fileEncoding = 4; lastKnownFileType = sourcecode.c.h; path = HJJHelperTools.h; sourceTree = "<group>"; };
/* End PBXFileReference section */

/* Begin PBXFrameworksBuildPhase section */
		740580D1200496AB001EE9DA /* Frameworks */ = {
			isa = PBXFrameworksBuildPhase;
			buildActionMask = 2147483647;
			files = (
			);
			runOnlyForDeploymentPostprocessing = 0;
		};
		740580E9200496AB001EE9DA /* Frameworks */ = {
			isa = PBXFrameworksBuildPhase;
			buildActionMask = 2147483647;
			files = (
			);
			runOnlyForDeploymentPostprocessing = 0;
		};
		740580F4200496AB001EE9DA /* Frameworks */ = {
			isa = PBXFrameworksBuildPhase;
			buildActionMask = 2147483647;
			files = (
			);
			runOnlyForDeploymentPostprocessing = 0;
		};
/* End PBXFrameworksBuildPhase section */

/* Begin PBXGroup section */
		740580CB200496AB001EE9DA = {
			isa = PBXGroup;
			children = (
				740580D6200496AB001EE9DA /* Helpers */,
				740580EF200496AB001EE9DA /* HelpersTests */,
				740580FA200496AB001EE9DA /* HelpersUITests */,
				740580D5200496AB001EE9DA /* Products */,
			);
			sourceTree = "<group>";
		};
		740580D5200496AB001EE9DA /* Products */ = {
			isa = PBXGroup;
			children = (
				740580D4200496AB001EE9DA /* Helpers.app */,
				740580EC200496AB001EE9DA /* HelpersTests.xctest */,
				740580F7200496AB001EE9DA /* HelpersUITests.xctest */,
			);
			name = Products;
			sourceTree = "<group>";
		};
		740580D6200496AB001EE9DA /* Helpers */ = {
			isa = PBXGroup;
			children = (
				7405810920049725001EE9DA /* HelperTools */,
				740580D7200496AB001EE9DA /* AppDelegate.h */,
				740580D8200496AB001EE9DA /* AppDelegate.m */,
				740580DA200496AB001EE9DA /* ViewController.h */,
				740580DB200496AB001EE9DA /* ViewController.m */,
				740580DD200496AB001EE9DA /* Main.storyboard */,
				740580E0200496AB001EE9DA /* Assets.xcassets */,
				740580E2200496AB001EE9DA /* LaunchScreen.storyboard */,
				740580E5200496AB001EE9DA /* Info.plist */,
				740580E6200496AB001EE9DA /* main.m */,
			);
			path = Helpers;
			sourceTree = "<group>";
		};
		740580EF200496AB001EE9DA /* HelpersTests */ = {
			isa = PBXGroup;
			children = (
				740580F0200496AB001EE9DA /* HelpersTests.m */,
				740580F2200496AB001EE9DA /* Info.plist */,
			);
			path = HelpersTests;
			sourceTree = "<group>";
		};
		740580FA200496AB001EE9DA /* HelpersUITests */ = {
			isa = PBXGroup;
			children = (
				740580FB200496AB001EE9DA /* HelpersUITests.m */,
				740580FD200496AB001EE9DA /* Info.plist */,
			);
			path = HelpersUITests;
			sourceTree = "<group>";
		};
		7405810920049725001EE9DA /* HelperTools */ = {
			isa = PBXGroup;
			children = (
				7405810A20049725001EE9DA /* Category */,
				7405812520049725001EE9DA /* HJJHelperTools.h */,
			);
			path = HelperTools;
			sourceTree = "<group>";
		};
		7405810A20049725001EE9DA /* Category */ = {
			isa = PBXGroup;
			children = (
				7405810B20049725001EE9DA /* CLLocation+YCLocation.h */,
				7405810C20049725001EE9DA /* CLLocation+YCLocation.m */,
				7405810D20049725001EE9DA /* iToast.h */,
				7405810E20049725001EE9DA /* iToast.m */,
				7405810F20049725001EE9DA /* iToastUtil.h */,
				7405811020049725001EE9DA /* iToastUtil.m */,
				7405811120049725001EE9DA /* MBProgressHUD+MJ.h */,
				7405811220049725001EE9DA /* MBProgressHUD+MJ.m */,
				7405811320049725001EE9DA /* NSDate+Util.h */,
				7405811420049725001EE9DA /* NSDate+Util.m */,
				7405811520049725001EE9DA /* NSString+Extension.h */,
				7405811620049725001EE9DA /* NSString+Extension.m */,
				7405811720049725001EE9DA /* UIActionSheet+Blocks.h */,
				7405811820049725001EE9DA /* UIActionSheet+Blocks.m */,
				7405811920049725001EE9DA /* UIButton+CAPAdjustFont.h */,
				7405811A20049725001EE9DA /* UIButton+CAPAdjustFont.m */,
				7405811B20049725001EE9DA /* UIColor+CAPMyColor.h */,
				7405811C20049725001EE9DA /* UIColor+CAPMyColor.m */,
				7405811D20049725001EE9DA /* UIFont+CAPJuageFont.h */,
				7405811E20049725001EE9DA /* UIFont+CAPJuageFont.m */,
				7405811F20049725001EE9DA /* UILabel+CAPAdjustFont.h */,
				7405812020049725001EE9DA /* UILabel+CAPAdjustFont.m */,
				7405812120049725001EE9DA /* UITextField+CAPAdJustFont.h */,
				7405812220049725001EE9DA /* UITextField+CAPAdJustFont.m */,
				7405812320049725001EE9DA /* UIView+BSTExtention.h */,
				7405812420049725001EE9DA /* UIView+BSTExtention.m */,
			);
			path = Category;
			sourceTree = "<group>";
		};
/* End PBXGroup section */

/* Begin PBXNativeTarget section */
		740580D3200496AB001EE9DA /* Helpers */ = {
			isa = PBXNativeTarget;
			buildConfigurationList = 74058100200496AB001EE9DA /* Build configuration list for PBXNativeTarget "Helpers" */;
			buildPhases = (
				740580D0200496AB001EE9DA /* Sources */,
				740580D1200496AB001EE9DA /* Frameworks */,
				740580D2200496AB001EE9DA /* Resources */,
			);
			buildRules = (
			);
			dependencies = (
			);
			name = Helpers;
			productName = Helpers;
			productReference = 740580D4200496AB001EE9DA /* Helpers.app */;
			productType = "com.apple.product-type.application";
		};
		740580EB200496AB001EE9DA /* HelpersTests */ = {
			isa = PBXNativeTarget;
			buildConfigurationList = 74058103200496AB001EE9DA /* Build configuration list for PBXNativeTarget "HelpersTests" */;
			buildPhases = (
				740580E8200496AB001EE9DA /* Sources */,
				740580E9200496AB001EE9DA /* Frameworks */,
				740580EA200496AB001EE9DA /* Resources */,
			);
			buildRules = (
			);
			dependencies = (
				740580EE200496AB001EE9DA /* PBXTargetDependency */,
			);
			name = HelpersTests;
			productName = HelpersTests;
			productReference = 740580EC200496AB001EE9DA /* HelpersTests.xctest */;
			productType = "com.apple.product-type.bundle.unit-test";
		};
		740580F6200496AB001EE9DA /* HelpersUITests */ = {
			isa = PBXNativeTarget;
			buildConfigurationList = 74058106200496AB001EE9DA /* Build configuration list for PBXNativeTarget "HelpersUITests" */;
			buildPhases = (
				740580F3200496AB001EE9DA /* Sources */,
				740580F4200496AB001EE9DA /* Frameworks */,
				740580F5200496AB001EE9DA /* Resources */,
			);
			buildRules = (
			);
			dependencies = (
				740580F9200496AB001EE9DA /* PBXTargetDependency */,
			);
			name = HelpersUITests;
			productName = HelpersUITests;
			productReference = 740580F7200496AB001EE9DA /* HelpersUITests.xctest */;
			productType = "com.apple.product-type.bundle.ui-testing";
		};
/* End PBXNativeTarget section */

/* Begin PBXProject section */
		740580CC200496AB001EE9DA /* Project object */ = {
			isa = PBXProject;
			attributes = {
				LastUpgradeCheck = 0920;
				ORGANIZATIONNAME = hejingjin;
				TargetAttributes = {
					740580D3200496AB001EE9DA = {
						CreatedOnToolsVersion = 9.2;
						ProvisioningStyle = Automatic;
					};
					740580EB200496AB001EE9DA = {
						CreatedOnToolsVersion = 9.2;
						ProvisioningStyle = Automatic;
						TestTargetID = 740580D3200496AB001EE9DA;
					};
					740580F6200496AB001EE9DA = {
						CreatedOnToolsVersion = 9.2;
						ProvisioningStyle = Automatic;
						TestTargetID = 740580D3200496AB001EE9DA;
					};
				};
			};
			buildConfigurationList = 740580CF200496AB001EE9DA /* Build configuration list for PBXProject "Helpers" */;
			compatibilityVersion = "Xcode 8.0";
			developmentRegion = en;
			hasScannedForEncodings = 0;
			knownRegions = (
				en,
				Base,
			);
			mainGroup = 740580CB200496AB001EE9DA;
			productRefGroup = 740580D5200496AB001EE9DA /* Products */;
			projectDirPath = "";
			projectRoot = "";
			targets = (
				740580D3200496AB001EE9DA /* Helpers */,
				740580EB200496AB001EE9DA /* HelpersTests */,
				740580F6200496AB001EE9DA /* HelpersUITests */,
			);
		};
/* End PBXProject section */

/* Begin PBXResourcesBuildPhase section */
		740580D2200496AB001EE9DA /* Resources */ = {
			isa = PBXResourcesBuildPhase;
			buildActionMask = 2147483647;
			files = (
				740580E4200496AB001EE9DA /* LaunchScreen.storyboard in Resources */,
				740580E1200496AB001EE9DA /* Assets.xcassets in Resources */,
				740580DF200496AB001EE9DA /* Main.storyboard in Resources */,
			);
			runOnlyForDeploymentPostprocessing = 0;
		};
		740580EA200496AB001EE9DA /* Resources */ = {
			isa = PBXResourcesBuildPhase;
			buildActionMask = 2147483647;
			files = (
			);
			runOnlyForDeploymentPostprocessing = 0;
		};
		740580F5200496AB001EE9DA /* Resources */ = {
			isa = PBXResourcesBuildPhase;
			buildActionMask = 2147483647;
			files = (
			);
			runOnlyForDeploymentPostprocessing = 0;
		};
/* End PBXResourcesBuildPhase section */

/* Begin PBXSourcesBuildPhase section */
		740580D0200496AB001EE9DA /* Sources */ = {
			isa = PBXSourcesBuildPhase;
			buildActionMask = 2147483647;
			files = (
				7405812E20049725001EE9DA /* UIColor+CAPMyColor.m in Sources */,
				7405813120049725001EE9DA /* UITextField+CAPAdJustFont.m in Sources */,
				7405812A20049725001EE9DA /* NSDate+Util.m in Sources */,
				740580DC200496AB001EE9DA /* ViewController.m in Sources */,
				740580E7200496AB001EE9DA /* main.m in Sources */,
				7405812C20049725001EE9DA /* UIActionSheet+Blocks.m in Sources */,
				7405812620049725001EE9DA /* CLLocation+YCLocation.m in Sources */,
				7405812F20049725001EE9DA /* UIFont+CAPJuageFont.m in Sources */,
				7405812D20049725001EE9DA /* UIButton+CAPAdjustFont.m in Sources */,
				7405812820049725001EE9DA /* iToastUtil.m in Sources */,
				7405813020049725001EE9DA /* UILabel+CAPAdjustFont.m in Sources */,
				7405813220049725001EE9DA /* UIView+BSTExtention.m in Sources */,
				7405812920049725001EE9DA /* MBProgressHUD+MJ.m in Sources */,
				7405812720049725001EE9DA /* iToast.m in Sources */,
				7405812B20049725001EE9DA /* NSString+Extension.m in Sources */,
				740580D9200496AB001EE9DA /* AppDelegate.m in Sources */,
			);
			runOnlyForDeploymentPostprocessing = 0;
		};
		740580E8200496AB001EE9DA /* Sources */ = {
			isa = PBXSourcesBuildPhase;
			buildActionMask = 2147483647;
			files = (
				740580F1200496AB001EE9DA /* HelpersTests.m in Sources */,
			);
			runOnlyForDeploymentPostprocessing = 0;
		};
		740580F3200496AB001EE9DA /* Sources */ = {
			isa = PBXSourcesBuildPhase;
			buildActionMask = 2147483647;
			files = (
				740580FC200496AB001EE9DA /* HelpersUITests.m in Sources */,
			);
			runOnlyForDeploymentPostprocessing = 0;
		};
/* End PBXSourcesBuildPhase section */

/* Begin PBXTargetDependency section */
		740580EE200496AB001EE9DA /* PBXTargetDependency */ = {
			isa = PBXTargetDependency;
			target = 740580D3200496AB001EE9DA /* Helpers */;
			targetProxy = 740580ED200496AB001EE9DA /* PBXContainerItemProxy */;
		};
		740580F9200496AB001EE9DA /* PBXTargetDependency */ = {
			isa = PBXTargetDependency;
			target = 740580D3200496AB001EE9DA /* Helpers */;
			targetProxy = 740580F8200496AB001EE9DA /* PBXContainerItemProxy */;
		};
/* End PBXTargetDependency section */

/* Begin PBXVariantGroup section */
		740580DD200496AB001EE9DA /* Main.storyboard */ = {
			isa = PBXVariantGroup;
			children = (
				740580DE200496AB001EE9DA /* Base */,
			);
			name = Main.storyboard;
			sourceTree = "<group>";
		};
		740580E2200496AB001EE9DA /* LaunchScreen.storyboard */ = {
			isa = PBXVariantGroup;
			children = (
				740580E3200496AB001EE9DA /* Base */,
			);
			name = LaunchScreen.storyboard;
			sourceTree = "<group>";
		};
/* End PBXVariantGroup section */

/* Begin XCBuildConfiguration section */
		740580FE200496AB001EE9DA /* Debug */ = {
			isa = XCBuildConfiguration;
			buildSettings = {
				ALWAYS_SEARCH_USER_PATHS = NO;
				CLANG_ANALYZER_NONNULL = YES;
				CLANG_ANALYZER_NUMBER_OBJECT_CONVERSION = YES_AGGRESSIVE;
				CLANG_CXX_LANGUAGE_STANDARD = "gnu++14";
				CLANG_CXX_LIBRARY = "libc++";
				CLANG_ENABLE_MODULES = YES;
				CLANG_ENABLE_OBJC_ARC = YES;
				CLANG_WARN_BLOCK_CAPTURE_AUTORELEASING = YES;
				CLANG_WARN_BOOL_CONVERSION = YES;
				CLANG_WARN_COMMA = YES;
				CLANG_WARN_CONSTANT_CONVERSION = YES;
				CLANG_WARN_DIRECT_OBJC_ISA_USAGE = YES_ERROR;
				CLANG_WARN_DOCUMENTATION_COMMENTS = YES;
				CLANG_WARN_EMPTY_BODY = YES;
				CLANG_WARN_ENUM_CONVERSION = YES;
				CLANG_WARN_INFINITE_RECURSION = YES;
				CLANG_WARN_INT_CONVERSION = YES;
				CLANG_WARN_NON_LITERAL_NULL_CONVERSION = YES;
				CLANG_WARN_OBJC_LITERAL_CONVERSION = YES;
				CLANG_WARN_OBJC_ROOT_CLASS = YES_ERROR;
				CLANG_WARN_RANGE_LOOP_ANALYSIS = YES;
				CLANG_WARN_STRICT_PROTOTYPES = YES;
				CLANG_WARN_SUSPICIOUS_MOVE = YES;
				CLANG_WARN_UNGUARDED_AVAILABILITY = YES_AGGRESSIVE;
				CLANG_WARN_UNREACHABLE_CODE = YES;
				CLANG_WARN__DUPLICATE_METHOD_MATCH = YES;
				CODE_SIGN_IDENTITY = "iPhone Developer";
				COPY_PHASE_STRIP = NO;
				DEBUG_INFORMATION_FORMAT = dwarf;
				ENABLE_STRICT_OBJC_MSGSEND = YES;
				ENABLE_TESTABILITY = YES;
				GCC_C_LANGUAGE_STANDARD = gnu11;
				GCC_DYNAMIC_NO_PIC = NO;
				GCC_NO_COMMON_BLOCKS = YES;
				GCC_OPTIMIZATION_LEVEL = 0;
				GCC_PREPROCESSOR_DEFINITIONS = (
					"DEBUG=1",
					"$(inherited)",
				);
				GCC_WARN_64_TO_32_BIT_CONVERSION = YES;
				GCC_WARN_ABOUT_RETURN_TYPE = YES_ERROR;
				GCC_WARN_UNDECLARED_SELECTOR = YES;
				GCC_WARN_UNINITIALIZED_AUTOS = YES_AGGRESSIVE;
				GCC_WARN_UNUSED_FUNCTION = YES;
				GCC_WARN_UNUSED_VARIABLE = YES;
				IPHONEOS_DEPLOYMENT_TARGET = 11.2;
				MTL_ENABLE_DEBUG_INFO = YES;
				ONLY_ACTIVE_ARCH = YES;
				SDKROOT = iphoneos;
			};
			name = Debug;
		};
		740580FF200496AB001EE9DA /* Release */ = {
			isa = XCBuildConfiguration;
			buildSettings = {
				ALWAYS_SEARCH_USER_PATHS = NO;
				CLANG_ANALYZER_NONNULL = YES;
				CLANG_ANALYZER_NUMBER_OBJECT_CONVERSION = YES_AGGRESSIVE;
				CLANG_CXX_LANGUAGE_STANDARD = "gnu++14";
				CLANG_CXX_LIBRARY = "libc++";
				CLANG_ENABLE_MODULES = YES;
				CLANG_ENABLE_OBJC_ARC = YES;
				CLANG_WARN_BLOCK_CAPTURE_AUTORELEASING = YES;
				CLANG_WARN_BOOL_CONVERSION = YES;
				CLANG_WARN_COMMA = YES;
				CLANG_WARN_CONSTANT_CONVERSION = YES;
				CLANG_WARN_DIRECT_OBJC_ISA_USAGE = YES_ERROR;
				CLANG_WARN_DOCUMENTATION_COMMENTS = YES;
				CLANG_WARN_EMPTY_BODY = YES;
				CLANG_WARN_ENUM_CONVERSION = YES;
				CLANG_WARN_INFINITE_RECURSION = YES;
				CLANG_WARN_INT_CONVERSION = YES;
				CLANG_WARN_NON_LITERAL_NULL_CONVERSION = YES;
				CLANG_WARN_OBJC_LITERAL_CONVERSION = YES;
				CLANG_WARN_OBJC_ROOT_CLASS = YES_ERROR;
				CLANG_WARN_RANGE_LOOP_ANALYSIS = YES;
				CLANG_WARN_STRICT_PROTOTYPES = YES;
				CLANG_WARN_SUSPICIOUS_MOVE = YES;
				CLANG_WARN_UNGUARDED_AVAILABILITY = YES_AGGRESSIVE;
				CLANG_WARN_UNREACHABLE_CODE = YES;
				CLANG_WARN__DUPLICATE_METHOD_MATCH = YES;
				CODE_SIGN_IDENTITY = "iPhone Developer";
				COPY_PHASE_STRIP = NO;
				DEBUG_INFORMATION_FORMAT = "dwarf-with-dsym";
				ENABLE_NS_ASSERTIONS = NO;
				ENABLE_STRICT_OBJC_MSGSEND = YES;
				GCC_C_LANGUAGE_STANDARD = gnu11;
				GCC_NO_COMMON_BLOCKS = YES;
				GCC_WARN_64_TO_32_BIT_CONVERSION = YES;
				GCC_WARN_ABOUT_RETURN_TYPE = YES_ERROR;
				GCC_WARN_UNDECLARED_SELECTOR = YES;
				GCC_WARN_UNINITIALIZED_AUTOS = YES_AGGRESSIVE;
				GCC_WARN_UNUSED_FUNCTION = YES;
				GCC_WARN_UNUSED_VARIABLE = YES;
				IPHONEOS_DEPLOYMENT_TARGET = 11.2;
				MTL_ENABLE_DEBUG_INFO = NO;
				SDKROOT = iphoneos;
				VALIDATE_PRODUCT = YES;
			};
			name = Release;
		};
		74058101200496AB001EE9DA /* Debug */ = {
			isa = XCBuildConfiguration;
			buildSettings = {
				ASSETCATALOG_COMPILER_APPICON_NAME = AppIcon;
				CODE_SIGN_STYLE = Automatic;
				DEVELOPMENT_TEAM = 4VTX4NWX98;
				INFOPLIST_FILE = Helpers/Info.plist;
				LD_RUNPATH_SEARCH_PATHS = "$(inherited) @executable_path/Frameworks";
				PRODUCT_BUNDLE_IDENTIFIER = com.hejingjin.Helpers;
				PRODUCT_NAME = "$(TARGET_NAME)";
				TARGETED_DEVICE_FAMILY = "1,2";
			};
			name = Debug;
		};
		74058102200496AB001EE9DA /* Release */ = {
			isa = XCBuildConfiguration;
			buildSettings = {
				ASSETCATALOG_COMPILER_APPICON_NAME = AppIcon;
				CODE_SIGN_STYLE = Automatic;
				DEVELOPMENT_TEAM = 4VTX4NWX98;
				INFOPLIST_FILE = Helpers/Info.plist;
				LD_RUNPATH_SEARCH_PATHS = "$(inherited) @executable_path/Frameworks";
				PRODUCT_BUNDLE_IDENTIFIER = com.hejingjin.Helpers;
				PRODUCT_NAME = "$(TARGET_NAME)";
				TARGETED_DEVICE_FAMILY = "1,2";
			};
			name = Release;
		};
		74058104200496AB001EE9DA /* Debug */ = {
			isa = XCBuildConfiguration;
			buildSettings = {
				BUNDLE_LOADER = "$(TEST_HOST)";
				CODE_SIGN_STYLE = Automatic;
				DEVELOPMENT_TEAM = 4VTX4NWX98;
				INFOPLIST_FILE = HelpersTests/Info.plist;
				LD_RUNPATH_SEARCH_PATHS = "$(inherited) @executable_path/Frameworks @loader_path/Frameworks";
				PRODUCT_BUNDLE_IDENTIFIER = com.hejingjin.HelpersTests;
				PRODUCT_NAME = "$(TARGET_NAME)";
				TARGETED_DEVICE_FAMILY = "1,2";
				TEST_HOST = "$(BUILT_PRODUCTS_DIR)/Helpers.app/Helpers";
			};
			name = Debug;
		};
		74058105200496AB001EE9DA /* Release */ = {
			isa = XCBuildConfiguration;
			buildSettings = {
				BUNDLE_LOADER = "$(TEST_HOST)";
				CODE_SIGN_STYLE = Automatic;
				DEVELOPMENT_TEAM = 4VTX4NWX98;
				INFOPLIST_FILE = HelpersTests/Info.plist;
				LD_RUNPATH_SEARCH_PATHS = "$(inherited) @executable_path/Frameworks @loader_path/Frameworks";
				PRODUCT_BUNDLE_IDENTIFIER = com.hejingjin.HelpersTests;
				PRODUCT_NAME = "$(TARGET_NAME)";
				TARGETED_DEVICE_FAMILY = "1,2";
				TEST_HOST = "$(BUILT_PRODUCTS_DIR)/Helpers.app/Helpers";
			};
			name = Release;
		};
		74058107200496AB001EE9DA /* Debug */ = {
			isa = XCBuildConfiguration;
			buildSettings = {
				CODE_SIGN_STYLE = Automatic;
				DEVELOPMENT_TEAM = 4VTX4NWX98;
				INFOPLIST_FILE = HelpersUITests/Info.plist;
				LD_RUNPATH_SEARCH_PATHS = "$(inherited) @executable_path/Frameworks @loader_path/Frameworks";
				PRODUCT_BUNDLE_IDENTIFIER = com.hejingjin.HelpersUITests;
				PRODUCT_NAME = "$(TARGET_NAME)";
				TARGETED_DEVICE_FAMILY = "1,2";
				TEST_TARGET_NAME = Helpers;
			};
			name = Debug;
		};
		74058108200496AB001EE9DA /* Release */ = {
			isa = XCBuildConfiguration;
			buildSettings = {
				CODE_SIGN_STYLE = Automatic;
				DEVELOPMENT_TEAM = 4VTX4NWX98;
				INFOPLIST_FILE = HelpersUITests/Info.plist;
				LD_RUNPATH_SEARCH_PATHS = "$(inherited) @executable_path/Frameworks @loader_path/Frameworks";
				PRODUCT_BUNDLE_IDENTIFIER = com.hejingjin.HelpersUITests;
				PRODUCT_NAME = "$(TARGET_NAME)";
				TARGETED_DEVICE_FAMILY = "1,2";
				TEST_TARGET_NAME = Helpers;
			};
			name = Release;
		};
/* End XCBuildConfiguration section */

/* Begin XCConfigurationList section */
		740580CF200496AB001EE9DA /* Build configuration list for PBXProject "Helpers" */ = {
			isa = XCConfigurationList;
			buildConfigurations = (
				740580FE200496AB001EE9DA /* Debug */,
				740580FF200496AB001EE9DA /* Release */,
			);
			defaultConfigurationIsVisible = 0;
			defaultConfigurationName = Release;
		};
		74058100200496AB001EE9DA /* Build configuration list for PBXNativeTarget "Helpers" */ = {
			isa = XCConfigurationList;
			buildConfigurations = (
				74058101200496AB001EE9DA /* Debug */,
				74058102200496AB001EE9DA /* Release */,
			);
			defaultConfigurationIsVisible = 0;
			defaultConfigurationName = Release;
		};
		74058103200496AB001EE9DA /* Build configuration list for PBXNativeTarget "HelpersTests" */ = {
			isa = XCConfigurationList;
			buildConfigurations = (
				74058104200496AB001EE9DA /* Debug */,
				74058105200496AB001EE9DA /* Release */,
			);
			defaultConfigurationIsVisible = 0;
			defaultConfigurationName = Release;
		};
		74058106200496AB001EE9DA /* Build configuration list for PBXNativeTarget "HelpersUITests" */ = {
			isa = XCConfigurationList;
			buildConfigurations = (
				74058107200496AB001EE9DA /* Debug */,
				74058108200496AB001EE9DA /* Release */,
			);
			defaultConfigurationIsVisible = 0;
			defaultConfigurationName = Release;
		};
/* End XCConfigurationList section */
	};
	rootObject = 740580CC200496AB001EE9DA /* Project object */;
}
